
Microsoft Visual Studio Solution File, Format Version 12.00
# Visual Studio Version 17
VisualStudioVersion = 17.5.33502.453
MinimumVisualStudioVersion = 10.0.40219.1
Project("{2150E333-8FDC-42A3-9474-1A3956D46DE8}") = "Solution Items", "Solution Items", "{4B88ADAC-14E1-4D12-B703-3D771A6331EF}"
EndProject
Project("{2150E333-8FDC-42A3-9474-1A3956D46DE8}") = "Src", "Src", "{59621DB5-B344-404B-98EF-BB18D2472A86}"
EndProject
Project("{2150E333-8FDC-42A3-9474-1A3956D46DE8}") = "Test", "Test", "{5CD3F789-80B1-4A15-98D0-EB12ACFD4E42}"
EndProject
Project("{9A19103F-16F7-4668-BE54-9A1E7A4F7556}") = "LoggingService.Domain", "LoggingService.Domain\LoggingService.Domain.csproj", "{DB34EE5B-F7E3-4FDD-8B09-CA6F10C8F42B}"
EndProject
Project("{9A19103F-16F7-4668-BE54-9A1E7A4F7556}") = "LoggingService.Application", "LoggingService.Application\LoggingService.Application.csproj", "{7C4CE941-68F3-44D3-B178-3C9F41BD683D}"
EndProject
Project("{FAE04EC0-301F-11D3-BF4B-00C04F79EFBC}") = "LoggingService.Application.UnitTests", "LoggingService.Application.UnitTests\LoggingService.Application.UnitTests.csproj", "{0B996687-100E-4966-84D8-C28A23D85F19}"
EndProject
Global
	GlobalSection(SolutionConfigurationPlatforms) = preSolution
		Debug|Any CPU = Debug|Any CPU
		Release|Any CPU = Release|Any CPU
	EndGlobalSection
	GlobalSection(ProjectConfigurationPlatforms) = postSolution
		{DB34EE5B-F7E3-4FDD-8B09-CA6F10C8F42B}.Debug|Any CPU.ActiveCfg = Debug|Any CPU
		{DB34EE5B-F7E3-4FDD-8B09-CA6F10C8F42B}.Debug|Any CPU.Build.0 = Debug|Any CPU
		{DB34EE5B-F7E3-4FDD-8B09-CA6F10C8F42B}.Release|Any CPU.ActiveCfg = Release|Any CPU
		{DB34EE5B-F7E3-4FDD-8B09-CA6F10C8F42B}.Release|Any CPU.Build.0 = Release|Any CPU
		{7C4CE941-68F3-44D3-B178-3C9F41BD683D}.Debug|Any CPU.ActiveCfg = Debug|Any CPU
		{7C4CE941-68F3-44D3-B178-3C9F41BD683D}.Debug|Any CPU.Build.0 = Debug|Any CPU
		{7C4CE941-68F3-44D3-B178-3C9F41BD683D}.Release|Any CPU.ActiveCfg = Release|Any CPU
		{7C4CE941-68F3-44D3-B178-3C9F41BD683D}.Release|Any CPU.Build.0 = Release|Any CPU
		{0B996687-100E-4966-84D8-C28A23D85F19}.Debug|Any CPU.ActiveCfg = Debug|Any CPU
		{0B996687-100E-4966-84D8-C28A23D85F19}.Debug|Any CPU.Build.0 = Debug|Any CPU
		{0B996687-100E-4966-84D8-C28A23D85F19}.Release|Any CPU.ActiveCfg = Release|Any CPU
		{0B996687-100E-4966-84D8-C28A23D85F19}.Release|Any CPU.Build.0 = Release|Any CPU
	EndGlobalSection
	GlobalSection(SolutionProperties) = preSolution
		HideSolutionNode = FALSE
	EndGlobalSection
	GlobalSection(NestedProjects) = preSolution
		{DB34EE5B-F7E3-4FDD-8B09-CA6F10C8F42B} = {59621DB5-B344-404B-98EF-BB18D2472A86}
		{7C4CE941-68F3-44D3-B178-3C9F41BD683D} = {59621DB5-B344-404B-98EF-BB18D2472A86}
		{0B996687-100E-4966-84D8-C28A23D85F19} = {5CD3F789-80B1-4A15-98D0-EB12ACFD4E42}
	EndGlobalSection
	GlobalSection(ExtensibilityGlobals) = postSolution
		SolutionGuid = {FD314370-0121-400B-838B-3283FE6324D2}
	EndGlobalSection
EndGlobal
